
Microsoft Visual Studio Solution File, Format Version 12.00
# Visual Studio 2012
Project("{FAE04EC0-301F-11D3-BF4B-00C04F79EFBC}") = "flintlock", "flintlock\flintlock.csproj", "{152B7077-D3C1-4BF9-A07D-233D8ECC2848}"
EndProject
Global
	GlobalSection(SolutionConfigurationPlatforms) = preSolution
		Debug|Any CPU = Debug|Any CPU
		Release|Any CPU = Release|Any CPU
	EndGlobalSection
	GlobalSection(ProjectConfigurationPlatforms) = postSolution
		{152B7077-D3C1-4BF9-A07D-233D8ECC2848}.Debug|Any CPU.ActiveCfg = Debug|Any CPU
		{152B7077-D3C1-4BF9-A07D-233D8ECC2848}.Debug|Any CPU.Build.0 = Debug|Any CPU
		{152B7077-D3C1-4BF9-A07D-233D8ECC2848}.Release|Any CPU.ActiveCfg = Release|Any CPU
		{152B7077-D3C1-4BF9-A07D-233D8ECC2848}.Release|Any CPU.Build.0 = Release|Any CPU
	EndGlobalSection
	GlobalSection(SolutionProperties) = preSolution
		HideSolutionNode = FALSE
	EndGlobalSection
EndGlobal
